{
  "name": "toml-cli",
  "version": "2.0.0",
  "lockfileVersion": 1,
  "requires": true,
  "dependencies": {
    "@iarna/toml": {
      "version": "1.7.1",
      "resolved": "https://registry.npmjs.org/@iarna/toml/-/toml-1.7.1.tgz",
      "integrity": "sha512-X55PCmaErh7Tk4tg6F0xDxG7wHuomyFTZIeUyTtvZqIGnxF/qLZf5Gvvzp8SL3F/37gb3sZ4z4PVFWQxBOM26w=="
    }
  }
}
